
Microsoft Visual Studio Solution File, Format Version 12.00
# Visual Studio Version 17
VisualStudioVersion = 17.0.31903.59
MinimumVisualStudioVersion = 10.0.40219.1
Project("{2150E333-8FDC-42A3-9474-1A3956D46DE8}") = "Services", "Services", "{25A503E1-17B2-412D-A20A-ED01060250E5}"
EndProject
Project("{2150E333-8FDC-42A3-9474-1A3956D46DE8}") = "Product", "Product", "{5916776B-C6E5-4B53-83D7-854911193FA2}"
EndProject
Project("{9A19103F-16F7-4668-BE54-9A1E7A4F7556}") = "Product.API", "Services\Product\Product.API\Product.API.csproj", "{FD4DA5BD-6723-4B88-A0F7-DE2B30854D09}"
EndProject
Project("{2150E333-8FDC-42A3-9474-1A3956D46DE8}") = "Solution Items", "Solution Items", "{D1CC2558-0858-41AA-A1C2-F02EF336E171}"
	ProjectSection(SolutionItems) = preProject
		Ports.txt = Ports.txt
	EndProjectSection
EndProject
Project("{2150E333-8FDC-42A3-9474-1A3956D46DE8}") = "Shared", "Shared", "{1A4CA8B1-FC48-4E1B-846C-D7555C01217C}"
EndProject
Project("{9A19103F-16F7-4668-BE54-9A1E7A4F7556}") = "Shared", "Shared\Shared\Shared.csproj", "{38578433-C66B-45FC-A76B-EB43ED385037}"
EndProject
Project("{2150E333-8FDC-42A3-9474-1A3956D46DE8}") = "IdentityServer", "IdentityServer", "{52B4B21C-C00E-46BD-A393-46AF4456F157}"
EndProject
Project("{9A19103F-16F7-4668-BE54-9A1E7A4F7556}") = "IdentityServer.API", "IdentityServer\IdentityServer.API\IdentityServer.API.csproj", "{014C1872-9C1F-42F4-A982-CE65BD31FDC8}"
EndProject
Project("{2150E333-8FDC-42A3-9474-1A3956D46DE8}") = "PhotoStock", "PhotoStock", "{0991D0B0-FCE6-4431-BC8D-68347794D3A5}"
EndProject
Project("{9A19103F-16F7-4668-BE54-9A1E7A4F7556}") = "PhotoStock.API", "Services\PhotoStock\PhotoStock.API\PhotoStock.API.csproj", "{0CCC14BB-F25D-4C23-9EA1-D83E2AAE0EEC}"
EndProject
Project("{2150E333-8FDC-42A3-9474-1A3956D46DE8}") = "Basket", "Basket", "{29796955-28D4-4009-A804-AD7F383F7211}"
EndProject
Project("{9A19103F-16F7-4668-BE54-9A1E7A4F7556}") = "Basket.API", "Services\Basket\Basket.API\Basket.API.csproj", "{906C401E-6308-420A-9C00-D5D5A4CBEF6C}"
EndProject
Project("{2150E333-8FDC-42A3-9474-1A3956D46DE8}") = "Discount", "Discount", "{DE8356E1-04C5-4FE9-A113-AA12382AB085}"
EndProject
Project("{9A19103F-16F7-4668-BE54-9A1E7A4F7556}") = "Discounts.API", "Services\Discount\Discounts.API\Discounts.API.csproj", "{E9C5C96B-D09B-498A-98EA-5B0E827D288A}"
EndProject
Project("{2150E333-8FDC-42A3-9474-1A3956D46DE8}") = "Order", "Order", "{3512A52F-515A-43DA-A613-47CAC202C9A7}"
EndProject
Project("{9A19103F-16F7-4668-BE54-9A1E7A4F7556}") = "WebUI", "Services\Order\WebUI\WebUI.csproj", "{0BDEE0D8-228F-4DEA-A7A6-A8EBCC3F8718}"
EndProject
Project("{9A19103F-16F7-4668-BE54-9A1E7A4F7556}") = "Application", "Services\Order\Application\Application.csproj", "{855FDA6C-B653-4B71-9CAC-0513A8976252}"
EndProject
Project("{9A19103F-16F7-4668-BE54-9A1E7A4F7556}") = "Domain", "Services\Order\Domain\Domain.csproj", "{6919EB5F-8107-42A7-8C40-62292139D880}"
EndProject
Project("{9A19103F-16F7-4668-BE54-9A1E7A4F7556}") = "Domain.Core", "Services\Order\Domain.Core\Domain.Core.csproj", "{B8FB539D-AB87-4173-9D93-90BAE520EAA7}"
EndProject
Project("{9A19103F-16F7-4668-BE54-9A1E7A4F7556}") = "Infrastructure", "Services\Order\Infrastructure\Infrastructure.csproj", "{3612FE49-D4C8-480F-A31D-2AA4DB1AE8A1}"
EndProject
Project("{2150E333-8FDC-42A3-9474-1A3956D46DE8}") = "Payment", "Payment", "{B379B44C-C028-47A4-863B-6C0C29CC10CE}"
EndProject
Project("{9A19103F-16F7-4668-BE54-9A1E7A4F7556}") = "Payment.API", "Services\Payment\Payment.API\Payment.API.csproj", "{A58634F8-F89C-4C72-850E-0C8A5FB699CE}"
EndProject
Project("{2150E333-8FDC-42A3-9474-1A3956D46DE8}") = "Gateways", "Gateways", "{CB7D81A6-2590-4264-A417-BA8AC8F29380}"
EndProject
Project("{9A19103F-16F7-4668-BE54-9A1E7A4F7556}") = "Gateway", "Gateways\Gateway\Gateway.csproj", "{10BFDAC5-3611-4F37-A325-CC4BE3A958D4}"
EndProject
Global
	GlobalSection(SolutionConfigurationPlatforms) = preSolution
		Debug|Any CPU = Debug|Any CPU
		Release|Any CPU = Release|Any CPU
	EndGlobalSection
	GlobalSection(ProjectConfigurationPlatforms) = postSolution
		{FD4DA5BD-6723-4B88-A0F7-DE2B30854D09}.Debug|Any CPU.ActiveCfg = Debug|Any CPU
		{FD4DA5BD-6723-4B88-A0F7-DE2B30854D09}.Debug|Any CPU.Build.0 = Debug|Any CPU
		{FD4DA5BD-6723-4B88-A0F7-DE2B30854D09}.Release|Any CPU.ActiveCfg = Release|Any CPU
		{FD4DA5BD-6723-4B88-A0F7-DE2B30854D09}.Release|Any CPU.Build.0 = Release|Any CPU
		{38578433-C66B-45FC-A76B-EB43ED385037}.Debug|Any CPU.ActiveCfg = Debug|Any CPU
		{38578433-C66B-45FC-A76B-EB43ED385037}.Debug|Any CPU.Build.0 = Debug|Any CPU
		{38578433-C66B-45FC-A76B-EB43ED385037}.Release|Any CPU.ActiveCfg = Release|Any CPU
		{38578433-C66B-45FC-A76B-EB43ED385037}.Release|Any CPU.Build.0 = Release|Any CPU
		{014C1872-9C1F-42F4-A982-CE65BD31FDC8}.Debug|Any CPU.ActiveCfg = Debug|Any CPU
		{014C1872-9C1F-42F4-A982-CE65BD31FDC8}.Debug|Any CPU.Build.0 = Debug|Any CPU
		{014C1872-9C1F-42F4-A982-CE65BD31FDC8}.Release|Any CPU.ActiveCfg = Release|Any CPU
		{014C1872-9C1F-42F4-A982-CE65BD31FDC8}.Release|Any CPU.Build.0 = Release|Any CPU
		{0CCC14BB-F25D-4C23-9EA1-D83E2AAE0EEC}.Debug|Any CPU.ActiveCfg = Debug|Any CPU
		{0CCC14BB-F25D-4C23-9EA1-D83E2AAE0EEC}.Debug|Any CPU.Build.0 = Debug|Any CPU
		{0CCC14BB-F25D-4C23-9EA1-D83E2AAE0EEC}.Release|Any CPU.ActiveCfg = Release|Any CPU
		{0CCC14BB-F25D-4C23-9EA1-D83E2AAE0EEC}.Release|Any CPU.Build.0 = Release|Any CPU
		{906C401E-6308-420A-9C00-D5D5A4CBEF6C}.Debug|Any CPU.ActiveCfg = Debug|Any CPU
		{906C401E-6308-420A-9C00-D5D5A4CBEF6C}.Debug|Any CPU.Build.0 = Debug|Any CPU
		{906C401E-6308-420A-9C00-D5D5A4CBEF6C}.Release|Any CPU.ActiveCfg = Release|Any CPU
		{906C401E-6308-420A-9C00-D5D5A4CBEF6C}.Release|Any CPU.Build.0 = Release|Any CPU
		{E9C5C96B-D09B-498A-98EA-5B0E827D288A}.Debug|Any CPU.ActiveCfg = Debug|Any CPU
		{E9C5C96B-D09B-498A-98EA-5B0E827D288A}.Debug|Any CPU.Build.0 = Debug|Any CPU
		{E9C5C96B-D09B-498A-98EA-5B0E827D288A}.Release|Any CPU.ActiveCfg = Release|Any CPU
		{E9C5C96B-D09B-498A-98EA-5B0E827D288A}.Release|Any CPU.Build.0 = Release|Any CPU
		{0BDEE0D8-228F-4DEA-A7A6-A8EBCC3F8718}.Debug|Any CPU.ActiveCfg = Debug|Any CPU
		{0BDEE0D8-228F-4DEA-A7A6-A8EBCC3F8718}.Debug|Any CPU.Build.0 = Debug|Any CPU
		{0BDEE0D8-228F-4DEA-A7A6-A8EBCC3F8718}.Release|Any CPU.ActiveCfg = Release|Any CPU
		{0BDEE0D8-228F-4DEA-A7A6-A8EBCC3F8718}.Release|Any CPU.Build.0 = Release|Any CPU
		{855FDA6C-B653-4B71-9CAC-0513A8976252}.Debug|Any CPU.ActiveCfg = Debug|Any CPU
		{855FDA6C-B653-4B71-9CAC-0513A8976252}.Debug|Any CPU.Build.0 = Debug|Any CPU
		{855FDA6C-B653-4B71-9CAC-0513A8976252}.Release|Any CPU.ActiveCfg = Release|Any CPU
		{855FDA6C-B653-4B71-9CAC-0513A8976252}.Release|Any CPU.Build.0 = Release|Any CPU
		{6919EB5F-8107-42A7-8C40-62292139D880}.Debug|Any CPU.ActiveCfg = Debug|Any CPU
		{6919EB5F-8107-42A7-8C40-62292139D880}.Debug|Any CPU.Build.0 = Debug|Any CPU
		{6919EB5F-8107-42A7-8C40-62292139D880}.Release|Any CPU.ActiveCfg = Release|Any CPU
		{6919EB5F-8107-42A7-8C40-62292139D880}.Release|Any CPU.Build.0 = Release|Any CPU
		{B8FB539D-AB87-4173-9D93-90BAE520EAA7}.Debug|Any CPU.ActiveCfg = Debug|Any CPU
		{B8FB539D-AB87-4173-9D93-90BAE520EAA7}.Debug|Any CPU.Build.0 = Debug|Any CPU
		{B8FB539D-AB87-4173-9D93-90BAE520EAA7}.Release|Any CPU.ActiveCfg = Release|Any CPU
		{B8FB539D-AB87-4173-9D93-90BAE520EAA7}.Release|Any CPU.Build.0 = Release|Any CPU
		{3612FE49-D4C8-480F-A31D-2AA4DB1AE8A1}.Debug|Any CPU.ActiveCfg = Debug|Any CPU
		{3612FE49-D4C8-480F-A31D-2AA4DB1AE8A1}.Debug|Any CPU.Build.0 = Debug|Any CPU
		{3612FE49-D4C8-480F-A31D-2AA4DB1AE8A1}.Release|Any CPU.ActiveCfg = Release|Any CPU
		{3612FE49-D4C8-480F-A31D-2AA4DB1AE8A1}.Release|Any CPU.Build.0 = Release|Any CPU
		{A58634F8-F89C-4C72-850E-0C8A5FB699CE}.Debug|Any CPU.ActiveCfg = Debug|Any CPU
		{A58634F8-F89C-4C72-850E-0C8A5FB699CE}.Debug|Any CPU.Build.0 = Debug|Any CPU
		{A58634F8-F89C-4C72-850E-0C8A5FB699CE}.Release|Any CPU.ActiveCfg = Release|Any CPU
		{A58634F8-F89C-4C72-850E-0C8A5FB699CE}.Release|Any CPU.Build.0 = Release|Any CPU
		{10BFDAC5-3611-4F37-A325-CC4BE3A958D4}.Debug|Any CPU.ActiveCfg = Debug|Any CPU
		{10BFDAC5-3611-4F37-A325-CC4BE3A958D4}.Debug|Any CPU.Build.0 = Debug|Any CPU
		{10BFDAC5-3611-4F37-A325-CC4BE3A958D4}.Release|Any CPU.ActiveCfg = Release|Any CPU
		{10BFDAC5-3611-4F37-A325-CC4BE3A958D4}.Release|Any CPU.Build.0 = Release|Any CPU
	EndGlobalSection
	GlobalSection(SolutionProperties) = preSolution
		HideSolutionNode = FALSE
	EndGlobalSection
	GlobalSection(NestedProjects) = preSolution
		{5916776B-C6E5-4B53-83D7-854911193FA2} = {25A503E1-17B2-412D-A20A-ED01060250E5}
		{FD4DA5BD-6723-4B88-A0F7-DE2B30854D09} = {5916776B-C6E5-4B53-83D7-854911193FA2}
		{38578433-C66B-45FC-A76B-EB43ED385037} = {1A4CA8B1-FC48-4E1B-846C-D7555C01217C}
		{014C1872-9C1F-42F4-A982-CE65BD31FDC8} = {52B4B21C-C00E-46BD-A393-46AF4456F157}
		{0991D0B0-FCE6-4431-BC8D-68347794D3A5} = {25A503E1-17B2-412D-A20A-ED01060250E5}
		{0CCC14BB-F25D-4C23-9EA1-D83E2AAE0EEC} = {0991D0B0-FCE6-4431-BC8D-68347794D3A5}
		{29796955-28D4-4009-A804-AD7F383F7211} = {25A503E1-17B2-412D-A20A-ED01060250E5}
		{906C401E-6308-420A-9C00-D5D5A4CBEF6C} = {29796955-28D4-4009-A804-AD7F383F7211}
		{DE8356E1-04C5-4FE9-A113-AA12382AB085} = {25A503E1-17B2-412D-A20A-ED01060250E5}
		{E9C5C96B-D09B-498A-98EA-5B0E827D288A} = {DE8356E1-04C5-4FE9-A113-AA12382AB085}
		{3512A52F-515A-43DA-A613-47CAC202C9A7} = {25A503E1-17B2-412D-A20A-ED01060250E5}
		{0BDEE0D8-228F-4DEA-A7A6-A8EBCC3F8718} = {3512A52F-515A-43DA-A613-47CAC202C9A7}
		{855FDA6C-B653-4B71-9CAC-0513A8976252} = {3512A52F-515A-43DA-A613-47CAC202C9A7}
		{6919EB5F-8107-42A7-8C40-62292139D880} = {3512A52F-515A-43DA-A613-47CAC202C9A7}
		{B8FB539D-AB87-4173-9D93-90BAE520EAA7} = {3512A52F-515A-43DA-A613-47CAC202C9A7}
		{3612FE49-D4C8-480F-A31D-2AA4DB1AE8A1} = {3512A52F-515A-43DA-A613-47CAC202C9A7}
		{B379B44C-C028-47A4-863B-6C0C29CC10CE} = {25A503E1-17B2-412D-A20A-ED01060250E5}
		{A58634F8-F89C-4C72-850E-0C8A5FB699CE} = {B379B44C-C028-47A4-863B-6C0C29CC10CE}
		{10BFDAC5-3611-4F37-A325-CC4BE3A958D4} = {CB7D81A6-2590-4264-A417-BA8AC8F29380}
	EndGlobalSection
	GlobalSection(ExtensibilityGlobals) = postSolution
		SolutionGuid = {3BEA98E2-CE2D-49F9-A146-1568EC90286B}
	EndGlobalSection
EndGlobal
